
Microsoft Visual Studio Solution File, Format Version 12.00
# Visual Studio 2013
VisualStudioVersion = 12.0.31101.0
MinimumVisualStudioVersion = 10.0.40219.1
Project("{FAE04EC0-301F-11D3-BF4B-00C04F79EFBC}") = "01.DecimalToBinary", "DecimalToBinary\01.DecimalToBinary.csproj", "{30B40773-04B4-430F-B6FE-1BFEE6F4D110}"
EndProject
Project("{FAE04EC0-301F-11D3-BF4B-00C04F79EFBC}") = "02.BinaryToDecimal", "BinaryTpDecimal\02.BinaryToDecimal.csproj", "{9E4E354A-BDA9-40DA-84B4-A3D0988B92AD}"
EndProject
Project("{FAE04EC0-301F-11D3-BF4B-00C04F79EFBC}") = "03.DecimalToHexadecimal", "DecimalToHexadecimal\03.DecimalToHexadecimal.csproj", "{E0AF8491-62BF-476F-A3DD-FF961B69AD64}"
EndProject
Project("{FAE04EC0-301F-11D3-BF4B-00C04F79EFBC}") = "05.HexadecimalToBinary", "HexadecimalToBinary\05.HexadecimalToBinary.csproj", "{C80B7CB9-5868-4BE8-82B4-919758F2BD19}"
EndProject
Project("{FAE04EC0-301F-11D3-BF4B-00C04F79EFBC}") = "04.HexadecimalToDecimal", "04.Hexadecimal to decimal\04.HexadecimalToDecimal.csproj", "{D0CD93E9-C921-4B0F-944E-D0BCDED6B3C6}"
EndProject
Project("{FAE04EC0-301F-11D3-BF4B-00C04F79EFBC}") = "06.BinaryToHexadecimal", "06.BinaryToHexadecimal\06.BinaryToHexadecimal.csproj", "{0DB92E76-CC86-4AED-9A51-E03083444D98}"
EndProject
Project("{FAE04EC0-301F-11D3-BF4B-00C04F79EFBC}") = "07.OneSystemToAnyOther", "OneSystemToAnyOther\07.OneSystemToAnyOther.csproj", "{1E74B36B-C7A7-4059-A331-B33310BB5702}"
EndProject
Project("{FAE04EC0-301F-11D3-BF4B-00C04F79EFBC}") = "08.BinaryShort", "08.BinaryShort\08.BinaryShort.csproj", "{D6A8054F-408B-4AAB-97CE-5D07E65E9E04}"
EndProject
Global
	GlobalSection(SolutionConfigurationPlatforms) = preSolution
		Debug|Any CPU = Debug|Any CPU
		Release|Any CPU = Release|Any CPU
	EndGlobalSection
	GlobalSection(ProjectConfigurationPlatforms) = postSolution
		{30B40773-04B4-430F-B6FE-1BFEE6F4D110}.Debug|Any CPU.ActiveCfg = Debug|Any CPU
		{30B40773-04B4-430F-B6FE-1BFEE6F4D110}.Debug|Any CPU.Build.0 = Debug|Any CPU
		{30B40773-04B4-430F-B6FE-1BFEE6F4D110}.Release|Any CPU.ActiveCfg = Release|Any CPU
		{30B40773-04B4-430F-B6FE-1BFEE6F4D110}.Release|Any CPU.Build.0 = Release|Any CPU
		{9E4E354A-BDA9-40DA-84B4-A3D0988B92AD}.Debug|Any CPU.ActiveCfg = Debug|Any CPU
		{9E4E354A-BDA9-40DA-84B4-A3D0988B92AD}.Debug|Any CPU.Build.0 = Debug|Any CPU
		{9E4E354A-BDA9-40DA-84B4-A3D0988B92AD}.Release|Any CPU.ActiveCfg = Release|Any CPU
		{9E4E354A-BDA9-40DA-84B4-A3D0988B92AD}.Release|Any CPU.Build.0 = Release|Any CPU
		{E0AF8491-62BF-476F-A3DD-FF961B69AD64}.Debug|Any CPU.ActiveCfg = Debug|Any CPU
		{E0AF8491-62BF-476F-A3DD-FF961B69AD64}.Debug|Any CPU.Build.0 = Debug|Any CPU
		{E0AF8491-62BF-476F-A3DD-FF961B69AD64}.Release|Any CPU.ActiveCfg = Release|Any CPU
		{E0AF8491-62BF-476F-A3DD-FF961B69AD64}.Release|Any CPU.Build.0 = Release|Any CPU
		{C80B7CB9-5868-4BE8-82B4-919758F2BD19}.Debug|Any CPU.ActiveCfg = Debug|Any CPU
		{C80B7CB9-5868-4BE8-82B4-919758F2BD19}.Debug|Any CPU.Build.0 = Debug|Any CPU
		{C80B7CB9-5868-4BE8-82B4-919758F2BD19}.Release|Any CPU.ActiveCfg = Release|Any CPU
		{C80B7CB9-5868-4BE8-82B4-919758F2BD19}.Release|Any CPU.Build.0 = Release|Any CPU
		{D0CD93E9-C921-4B0F-944E-D0BCDED6B3C6}.Debug|Any CPU.ActiveCfg = Debug|Any CPU
		{D0CD93E9-C921-4B0F-944E-D0BCDED6B3C6}.Debug|Any CPU.Build.0 = Debug|Any CPU
		{D0CD93E9-C921-4B0F-944E-D0BCDED6B3C6}.Release|Any CPU.ActiveCfg = Release|Any CPU
		{D0CD93E9-C921-4B0F-944E-D0BCDED6B3C6}.Release|Any CPU.Build.0 = Release|Any CPU
		{0DB92E76-CC86-4AED-9A51-E03083444D98}.Debug|Any CPU.ActiveCfg = Debug|Any CPU
		{0DB92E76-CC86-4AED-9A51-E03083444D98}.Debug|Any CPU.Build.0 = Debug|Any CPU
		{0DB92E76-CC86-4AED-9A51-E03083444D98}.Release|Any CPU.ActiveCfg = Release|Any CPU
		{0DB92E76-CC86-4AED-9A51-E03083444D98}.Release|Any CPU.Build.0 = Release|Any CPU
		{1E74B36B-C7A7-4059-A331-B33310BB5702}.Debug|Any CPU.ActiveCfg = Debug|Any CPU
		{1E74B36B-C7A7-4059-A331-B33310BB5702}.Debug|Any CPU.Build.0 = Debug|Any CPU
		{1E74B36B-C7A7-4059-A331-B33310BB5702}.Release|Any CPU.ActiveCfg = Release|Any CPU
		{1E74B36B-C7A7-4059-A331-B33310BB5702}.Release|Any CPU.Build.0 = Release|Any CPU
		{D6A8054F-408B-4AAB-97CE-5D07E65E9E04}.Debug|Any CPU.ActiveCfg = Debug|Any CPU
		{D6A8054F-408B-4AAB-97CE-5D07E65E9E04}.Debug|Any CPU.Build.0 = Debug|Any CPU
		{D6A8054F-408B-4AAB-97CE-5D07E65E9E04}.Release|Any CPU.ActiveCfg = Release|Any CPU
		{D6A8054F-408B-4AAB-97CE-5D07E65E9E04}.Release|Any CPU.Build.0 = Release|Any CPU
	EndGlobalSection
	GlobalSection(SolutionProperties) = preSolution
		HideSolutionNode = FALSE
	EndGlobalSection
EndGlobal
